
Microsoft Visual Studio Solution File, Format Version 12.00
# Visual Studio 14
VisualStudioVersion = 14.0.25420.1
MinimumVisualStudioVersion = 10.0.40219.1
Project("{FAE04EC0-301F-11D3-BF4B-00C04F79EFBC}") = "Domain.UniversitySolution", "Domain.UniversitySolution\Domain.UniversitySolution.csproj", "{8154BCD1-5B8A-4B22-9A4A-D48E38E5A35B}"
EndProject
Project("{FAE04EC0-301F-11D3-BF4B-00C04F79EFBC}") = "DataLayer.UniversitySolution", "DataLayer.UniversitySolution\DataLayer.UniversitySolution.csproj", "{01DF284E-1F2E-4C3B-9596-5C243B742FAE}"
EndProject
Project("{FAE04EC0-301F-11D3-BF4B-00C04F79EFBC}") = "WebApi.UniversitySolution", "WebApi.UniversitySolution\WebApi.UniversitySolution.csproj", "{A83CA0FF-B406-48E7-BFCD-DCA2D6CB2C96}"
EndProject
Project("{FAE04EC0-301F-11D3-BF4B-00C04F79EFBC}") = "Mvc.UniversitySolution", "Mvc.UniversitySolution\Mvc.UniversitySolution.csproj", "{16A6E679-8F9F-43CD-9288-6B0E6DFEE7B2}"
EndProject
Global
	GlobalSection(SolutionConfigurationPlatforms) = preSolution
		Debug|Any CPU = Debug|Any CPU
		Release|Any CPU = Release|Any CPU
	EndGlobalSection
	GlobalSection(ProjectConfigurationPlatforms) = postSolution
		{8154BCD1-5B8A-4B22-9A4A-D48E38E5A35B}.Debug|Any CPU.ActiveCfg = Debug|Any CPU
		{8154BCD1-5B8A-4B22-9A4A-D48E38E5A35B}.Debug|Any CPU.Build.0 = Debug|Any CPU
		{8154BCD1-5B8A-4B22-9A4A-D48E38E5A35B}.Release|Any CPU.ActiveCfg = Release|Any CPU
		{8154BCD1-5B8A-4B22-9A4A-D48E38E5A35B}.Release|Any CPU.Build.0 = Release|Any CPU
		{01DF284E-1F2E-4C3B-9596-5C243B742FAE}.Debug|Any CPU.ActiveCfg = Debug|Any CPU
		{01DF284E-1F2E-4C3B-9596-5C243B742FAE}.Debug|Any CPU.Build.0 = Debug|Any CPU
		{01DF284E-1F2E-4C3B-9596-5C243B742FAE}.Release|Any CPU.ActiveCfg = Release|Any CPU
		{01DF284E-1F2E-4C3B-9596-5C243B742FAE}.Release|Any CPU.Build.0 = Release|Any CPU
		{A83CA0FF-B406-48E7-BFCD-DCA2D6CB2C96}.Debug|Any CPU.ActiveCfg = Debug|Any CPU
		{A83CA0FF-B406-48E7-BFCD-DCA2D6CB2C96}.Debug|Any CPU.Build.0 = Debug|Any CPU
		{A83CA0FF-B406-48E7-BFCD-DCA2D6CB2C96}.Release|Any CPU.ActiveCfg = Release|Any CPU
		{A83CA0FF-B406-48E7-BFCD-DCA2D6CB2C96}.Release|Any CPU.Build.0 = Release|Any CPU
		{16A6E679-8F9F-43CD-9288-6B0E6DFEE7B2}.Debug|Any CPU.ActiveCfg = Debug|Any CPU
		{16A6E679-8F9F-43CD-9288-6B0E6DFEE7B2}.Debug|Any CPU.Build.0 = Debug|Any CPU
		{16A6E679-8F9F-43CD-9288-6B0E6DFEE7B2}.Release|Any CPU.ActiveCfg = Release|Any CPU
		{16A6E679-8F9F-43CD-9288-6B0E6DFEE7B2}.Release|Any CPU.Build.0 = Release|Any CPU
	EndGlobalSection
	GlobalSection(SolutionProperties) = preSolution
		HideSolutionNode = FALSE
	EndGlobalSection
EndGlobal
